{
  "requires": true,
  "lockfileVersion": 1,
  "dependencies": {
    "@material/animation": {
      "version": "0.34.0",
      "resolved": "https://registry.npmjs.org/@material/animation/-/animation-0.34.0.tgz",
      "integrity": "sha512-HKWU+pHda+xSIV0lwrTMOb/N005NIAV7+tvEEjTiLrQx74eO6J9nIjfCpZ0W4D8Kb9K90lgHFo0ZRC6yDTjizQ=="
    },
    "@material/base": {
      "version": "0.34.0",
      "resolved": "https://registry.npmjs.org/@material/base/-/base-0.34.0.tgz",
      "integrity": "sha512-HFYy+AHPqPLv2V2aO+tlkhUH/wmt6PCfMzvGPS/ggef/nysu7akC95BG8iaQBCqjpq5sFXDWk7SEdJb/9NHJIQ=="
    },
    "@material/radio": {
      "version": "0.34.1",
      "resolved": "https://registry.npmjs.org/@material/radio/-/radio-0.34.1.tgz",
      "integrity": "sha512-wMLPvC/HBjjmEh+0Of3Iaz9VKo5rhZNLGKTuZU0g6jrWzKDkXloogor1kh0+CIpmY3+5tGC9c1+0ecTbCsOjeg==",
      "requires": {
        "@material/animation": "0.34.0",
        "@material/base": "0.34.0",
        "@material/ripple": "0.34.1",
        "@material/selection-control": "0.34.1",
        "@material/theme": "0.34.0"
      }
    },
    "@material/ripple": {
      "version": "0.34.1",
      "resolved": "https://registry.npmjs.org/@material/ripple/-/ripple-0.34.1.tgz",
      "integrity": "sha512-lVCbGW/k6pSIyNiB1ur6L+fiU3yWgMFGHBwoEB+9DPj9VJsOgQW10uDfmnIjDZ/xYYVNjL+Y2MiW7DCMamhLdg==",
      "requires": {
        "@material/base": "0.34.0",
        "@material/theme": "0.34.0"
      }
    },
    "@material/selection-control": {
      "version": "0.34.1",
      "resolved": "https://registry.npmjs.org/@material/selection-control/-/selection-control-0.34.1.tgz",
      "integrity": "sha512-Mg0G/BTpyNwVyFTl0Ok5v0MMKn06Hx/LvShuXIp+P1nMUk4wuqeY5FYbjw/nP2VIk/pMccrCULeZKLbziI1xYQ==",
      "requires": {
        "@material/ripple": "0.34.1"
      }
    },
    "@material/theme": {
      "version": "0.34.0",
      "resolved": "https://registry.npmjs.org/@material/theme/-/theme-0.34.0.tgz",
      "integrity": "sha512-PXFRQ9Q8ycXz9ihb0UAGgnBTVzIq0Qd3jgonHLYMzIL9+8D4BrQqJlM9uyyN5N/7KwesP7ItiumdfZ5f5gfAxw=="
    },
    "core-js": {
      "version": "0.8.4",
      "resolved": "https://registry.npmjs.org/core-js/-/core-js-0.8.4.tgz",
      "integrity": "sha1-wiZl8eDRucPF4bCNq9HxCGleT88="
    },
    "dom-walk": {
      "version": "0.1.1",
      "resolved": "https://registry.npmjs.org/dom-walk/-/dom-walk-0.1.1.tgz",
      "integrity": "sha1-ZyIm3HTI95mtNTB9+TaroRrNYBg="
    },
    "global": {
      "version": "4.3.2",
      "resolved": "https://registry.npmjs.org/global/-/global-4.3.2.tgz",
      "integrity": "sha1-52mJJopsdMOJCLEwWxD8DjlOnQ8=",
      "requires": {
        "min-document": "2.19.0",
        "process": "0.5.2"
      }
    },
    "lodash": {
      "version": "4.17.5",
      "resolved": "https://registry.npmjs.org/lodash/-/lodash-4.17.5.tgz",
      "integrity": "sha512-svL3uiZf1RwhH+cWrfZn3A4+U58wbP0tGVTLQPbjplZxZ8ROD9VLuNgsRniTlLe7OlSqR79RUehXgpBW/s0IQw=="
    },
    "min-document": {
      "version": "2.19.0",
      "resolved": "https://registry.npmjs.org/min-document/-/min-document-2.19.0.tgz",
      "integrity": "sha1-e9KC4/WELtKVu3SM3Z8f+iyCRoU=",
      "requires": {
        "dom-walk": "0.1.1"
      }
    },
    "mock-local-storage": {
      "version": "1.0.5",
      "resolved": "https://registry.npmjs.org/mock-local-storage/-/mock-local-storage-1.0.5.tgz",
      "integrity": "sha1-iZ/zAAJ87+1HgW5txTm7BZ/M5Ik=",
      "requires": {
        "core-js": "0.8.4",
        "global": "4.3.2"
      }
    },
    "process": {
      "version": "0.5.2",
      "resolved": "https://registry.npmjs.org/process/-/process-0.5.2.tgz",
      "integrity": "sha1-FjjYqONML0QKkduVq5rrZ3/Bhc8="
    }
  }
}
